
Microsoft Visual Studio Solution File, Format Version 12.00
# Visual Studio 15
VisualStudioVersion = 15.0.28307.168
MinimumVisualStudioVersion = 10.0.40219.1
Project("{FAE04EC0-301F-11D3-BF4B-00C04F79EFBC}") = "Topaz", "Topaz\Topaz.csproj", "{14EFF7C3-3D7B-49A7-A98D-F85C79AF0744}"
EndProject
Global
	GlobalSection(SolutionConfigurationPlatforms) = preSolution
		Debug|Any CPU = Debug|Any CPU
		Release|Any CPU = Release|Any CPU
	EndGlobalSection
	GlobalSection(ProjectConfigurationPlatforms) = postSolution
		{14EFF7C3-3D7B-49A7-A98D-F85C79AF0744}.Debug|Any CPU.ActiveCfg = Debug|Any CPU
		{14EFF7C3-3D7B-49A7-A98D-F85C79AF0744}.Debug|Any CPU.Build.0 = Debug|Any CPU
		{14EFF7C3-3D7B-49A7-A98D-F85C79AF0744}.Release|Any CPU.ActiveCfg = Release|Any CPU
		{14EFF7C3-3D7B-49A7-A98D-F85C79AF0744}.Release|Any CPU.Build.0 = Release|Any CPU
	EndGlobalSection
	GlobalSection(SolutionProperties) = preSolution
		HideSolutionNode = FALSE
	EndGlobalSection
	GlobalSection(ExtensibilityGlobals) = postSolution
		SolutionGuid = {036751EC-D4EC-4C97-983B-4EE593636589}
	EndGlobalSection
EndGlobal
